
Microsoft Visual Studio Solution File, Format Version 12.00
# Visual Studio Version 16
VisualStudioVersion = 16.0.29319.158
MinimumVisualStudioVersion = 10.0.40219.1
Project("{FAE04EC0-301F-11D3-BF4B-00C04F79EFBC}") = "Password", "Password\Password.csproj", "{795C1478-6A38-420C-BA0A-9B85AD949F27}"
EndProject
Project("{FAE04EC0-301F-11D3-BF4B-00C04F79EFBC}") = "Password.WPF", "Password.WPF\Password.WPF.csproj", "{1E3E1B21-0F0D-42B3-A438-9064EAE7CBE0}"
EndProject
Global
	GlobalSection(SolutionConfigurationPlatforms) = preSolution
		Debug|Any CPU = Debug|Any CPU
		Release|Any CPU = Release|Any CPU
	EndGlobalSection
	GlobalSection(ProjectConfigurationPlatforms) = postSolution
		{795C1478-6A38-420C-BA0A-9B85AD949F27}.Debug|Any CPU.ActiveCfg = Debug|Any CPU
		{795C1478-6A38-420C-BA0A-9B85AD949F27}.Debug|Any CPU.Build.0 = Debug|Any CPU
		{795C1478-6A38-420C-BA0A-9B85AD949F27}.Release|Any CPU.ActiveCfg = Release|Any CPU
		{795C1478-6A38-420C-BA0A-9B85AD949F27}.Release|Any CPU.Build.0 = Release|Any CPU
		{1E3E1B21-0F0D-42B3-A438-9064EAE7CBE0}.Debug|Any CPU.ActiveCfg = Debug|Any CPU
		{1E3E1B21-0F0D-42B3-A438-9064EAE7CBE0}.Debug|Any CPU.Build.0 = Debug|Any CPU
		{1E3E1B21-0F0D-42B3-A438-9064EAE7CBE0}.Release|Any CPU.ActiveCfg = Release|Any CPU
		{1E3E1B21-0F0D-42B3-A438-9064EAE7CBE0}.Release|Any CPU.Build.0 = Release|Any CPU
	EndGlobalSection
	GlobalSection(SolutionProperties) = preSolution
		HideSolutionNode = FALSE
	EndGlobalSection
	GlobalSection(ExtensibilityGlobals) = postSolution
		SolutionGuid = {99C95ED5-4E41-4B2B-82AE-565F48859648}
	EndGlobalSection
EndGlobal
